
Microsoft Visual Studio Solution File, Format Version 12.00
# Visual Studio Version 17
VisualStudioVersion = 17.3.32929.385
MinimumVisualStudioVersion = 10.0.40219.1
Project("{FAE04EC0-301F-11D3-BF4B-00C04F79EFBC}") = "AzureStorage_BlobAPI", "AzureStorage_BlobAPI\AzureStorage_BlobAPI.csproj", "{157A1ED1-FB28-4C4B-9CB7-CF677C168DA7}"
EndProject
Global
	GlobalSection(SolutionConfigurationPlatforms) = preSolution
		Debug|Any CPU = Debug|Any CPU
		Release|Any CPU = Release|Any CPU
	EndGlobalSection
	GlobalSection(ProjectConfigurationPlatforms) = postSolution
		{157A1ED1-FB28-4C4B-9CB7-CF677C168DA7}.Debug|Any CPU.ActiveCfg = Debug|Any CPU
		{157A1ED1-FB28-4C4B-9CB7-CF677C168DA7}.Debug|Any CPU.Build.0 = Debug|Any CPU
		{157A1ED1-FB28-4C4B-9CB7-CF677C168DA7}.Release|Any CPU.ActiveCfg = Release|Any CPU
		{157A1ED1-FB28-4C4B-9CB7-CF677C168DA7}.Release|Any CPU.Build.0 = Release|Any CPU
	EndGlobalSection
	GlobalSection(SolutionProperties) = preSolution
		HideSolutionNode = FALSE
	EndGlobalSection
	GlobalSection(ExtensibilityGlobals) = postSolution
		SolutionGuid = {47D93F66-C685-4549-B63B-D1C5790112EF}
	EndGlobalSection
EndGlobal
